// !$*UTF8*$!
{
	archiveVersion = 1;
	classes = {
	};
	objectVersion = 56;
	objects = {

/* Begin PBXBuildFile section */
		40879EB4298D3CB0000AF314 /* AppDelegate.swift in Sources */ = {isa = PBXBuildFile; fileRef = 40879EB3298D3CB0000AF314 /* AppDelegate.swift */; };
		40879EB6298D3CB0000AF314 /* SceneDelegate.swift in Sources */ = {isa = PBXBuildFile; fileRef = 40879EB5298D3CB0000AF314 /* SceneDelegate.swift */; };
		40879EB8298D3CB0000AF314 /* MainTabBarViewController.swift in Sources */ = {isa = PBXBuildFile; fileRef = 40879EB7298D3CB0000AF314 /* MainTabBarViewController.swift */; };
		40879EBD298D3CB8000AF314 /* Assets.xcassets in Resources */ = {isa = PBXBuildFile; fileRef = 40879EBC298D3CB8000AF314 /* Assets.xcassets */; };
		40879EC0298D3CB8000AF314 /* LaunchScreen.storyboard in Resources */ = {isa = PBXBuildFile; fileRef = 40879EBE298D3CB8000AF314 /* LaunchScreen.storyboard */; };
		40879EC929905316000AF314 /* HomeViewController.swift in Sources */ = {isa = PBXBuildFile; fileRef = 40879EC829905316000AF314 /* HomeViewController.swift */; };
		40879ECB29905805000AF314 /* UpcomingViewController.swift in Sources */ = {isa = PBXBuildFile; fileRef = 40879ECA29905805000AF314 /* UpcomingViewController.swift */; };
		40879ECD299058A8000AF314 /* SearchViewController.swift in Sources */ = {isa = PBXBuildFile; fileRef = 40879ECC299058A8000AF314 /* SearchViewController.swift */; };
		40879ECF29905924000AF314 /* DownloadsViewController.swift in Sources */ = {isa = PBXBuildFile; fileRef = 40879ECE29905924000AF314 /* DownloadsViewController.swift */; };
		40879EDA299A6D18000AF314 /* CollectionViewTableViewCell.swift in Sources */ = {isa = PBXBuildFile; fileRef = 40879ED9299A6D18000AF314 /* CollectionViewTableViewCell.swift */; };
		40879EDC299E5C08000AF314 /* HeroHeaderUIView.swift in Sources */ = {isa = PBXBuildFile; fileRef = 40879EDB299E5C08000AF314 /* HeroHeaderUIView.swift */; };
		408897EA29B26B0900FE7132 /* APICaller.swift in Sources */ = {isa = PBXBuildFile; fileRef = 408897E929B26B0900FE7132 /* APICaller.swift */; };
		40ABDBAF29C492A400FAF987 /* Title.swift in Sources */ = {isa = PBXBuildFile; fileRef = 40ABDBAE29C492A400FAF987 /* Title.swift */; };
		40ABDBB329DDDDAC00FAF987 /* Extensions.swift in Sources */ = {isa = PBXBuildFile; fileRef = 40ABDBB229DDDDAC00FAF987 /* Extensions.swift */; };
/* End PBXBuildFile section */

/* Begin PBXFileReference section */
		40879EB0298D3CB0000AF314 /* Netflix Clone Mk 2.app */ = {isa = PBXFileReference; explicitFileType = wrapper.application; includeInIndex = 0; path = "Netflix Clone Mk 2.app"; sourceTree = BUILT_PRODUCTS_DIR; };
		40879EB3298D3CB0000AF314 /* AppDelegate.swift */ = {isa = PBXFileReference; lastKnownFileType = sourcecode.swift; path = AppDelegate.swift; sourceTree = "<group>"; };
		40879EB5298D3CB0000AF314 /* SceneDelegate.swift */ = {isa = PBXFileReference; lastKnownFileType = sourcecode.swift; path = SceneDelegate.swift; sourceTree = "<group>"; };
		40879EB7298D3CB0000AF314 /* MainTabBarViewController.swift */ = {isa = PBXFileReference; lastKnownFileType = sourcecode.swift; path = MainTabBarViewController.swift; sourceTree = "<group>"; };
		40879EBC298D3CB8000AF314 /* Assets.xcassets */ = {isa = PBXFileReference; lastKnownFileType = folder.assetcatalog; path = Assets.xcassets; sourceTree = "<group>"; };
		40879EBF298D3CB8000AF314 /* Base */ = {isa = PBXFileReference; lastKnownFileType = file.storyboard; name = Base; path = Base.lproj/LaunchScreen.storyboard; sourceTree = "<group>"; };
		40879EC1298D3CB8000AF314 /* Info.plist */ = {isa = PBXFileReference; lastKnownFileType = text.plist.xml; path = Info.plist; sourceTree = "<group>"; };
		40879EC829905316000AF314 /* HomeViewController.swift */ = {isa = PBXFileReference; lastKnownFileType = sourcecode.swift; path = HomeViewController.swift; sourceTree = "<group>"; };
		40879ECA29905805000AF314 /* UpcomingViewController.swift */ = {isa = PBXFileReference; lastKnownFileType = sourcecode.swift; path = UpcomingViewController.swift; sourceTree = "<group>"; };
		40879ECC299058A8000AF314 /* SearchViewController.swift */ = {isa = PBXFileReference; lastKnownFileType = sourcecode.swift; path = SearchViewController.swift; sourceTree = "<group>"; };
		40879ECE29905924000AF314 /* DownloadsViewController.swift */ = {isa = PBXFileReference; lastKnownFileType = sourcecode.swift; path = DownloadsViewController.swift; sourceTree = "<group>"; };
		40879ED9299A6D18000AF314 /* CollectionViewTableViewCell.swift */ = {isa = PBXFileReference; lastKnownFileType = sourcecode.swift; path = CollectionViewTableViewCell.swift; sourceTree = "<group>"; };
		40879EDB299E5C08000AF314 /* HeroHeaderUIView.swift */ = {isa = PBXFileReference; lastKnownFileType = sourcecode.swift; path = HeroHeaderUIView.swift; sourceTree = "<group>"; };
		408897E929B26B0900FE7132 /* APICaller.swift */ = {isa = PBXFileReference; lastKnownFileType = sourcecode.swift; path = APICaller.swift; sourceTree = "<group>"; };
		40ABDBAE29C492A400FAF987 /* Title.swift */ = {isa = PBXFileReference; lastKnownFileType = sourcecode.swift; path = Title.swift; sourceTree = "<group>"; };
		40ABDBB229DDDDAC00FAF987 /* Extensions.swift */ = {isa = PBXFileReference; lastKnownFileType = sourcecode.swift; path = Extensions.swift; sourceTree = "<group>"; };
/* End PBXFileReference section */

/* Begin PBXFrameworksBuildPhase section */
		40879EAD298D3CB0000AF314 /* Frameworks */ = {
			isa = PBXFrameworksBuildPhase;
			buildActionMask = 2147483647;
			files = (
			);
			runOnlyForDeploymentPostprocessing = 0;
		};
/* End PBXFrameworksBuildPhase section */

/* Begin PBXGroup section */
		40879EA7298D3CB0000AF314 = {
			isa = PBXGroup;
			children = (
				40879EB2298D3CB0000AF314 /* Netflix Clone Mk 2 */,
				40879EB1298D3CB0000AF314 /* Products */,
			);
			sourceTree = "<group>";
		};
		40879EB1298D3CB0000AF314 /* Products */ = {
			isa = PBXGroup;
			children = (
				40879EB0298D3CB0000AF314 /* Netflix Clone Mk 2.app */,
			);
			name = Products;
			sourceTree = "<group>";
		};
		40879EB2298D3CB0000AF314 /* Netflix Clone Mk 2 */ = {
			isa = PBXGroup;
			children = (
				40879ED8299A6CB6000AF314 /* Managers */,
				40879ED7299A6CAC000AF314 /* Resources */,
				40879ED5299413D9000AF314 /* Models */,
				40879ED329941375000AF314 /* Views */,
				40879ED429941381000AF314 /* ViewModels */,
				40879EC72990513E000AF314 /* Controllers */,
				40879EB3298D3CB0000AF314 /* AppDelegate.swift */,
				40879EB5298D3CB0000AF314 /* SceneDelegate.swift */,
				40879EBC298D3CB8000AF314 /* Assets.xcassets */,
				40879EBE298D3CB8000AF314 /* LaunchScreen.storyboard */,
				40879EC1298D3CB8000AF314 /* Info.plist */,
			);
			path = "Netflix Clone Mk 2";
			sourceTree = "<group>";
		};
		40879EC72990513E000AF314 /* Controllers */ = {
			isa = PBXGroup;
			children = (
				40879ED229905AA2000AF314 /* General */,
				40879ED129905A99000AF314 /* Core */,
			);
			path = Controllers;
			sourceTree = "<group>";
		};
		40879ED129905A99000AF314 /* Core */ = {
			isa = PBXGroup;
			children = (
				40879EB7298D3CB0000AF314 /* MainTabBarViewController.swift */,
				40879EC829905316000AF314 /* HomeViewController.swift */,
				40879ECA29905805000AF314 /* UpcomingViewController.swift */,
				40879ECC299058A8000AF314 /* SearchViewController.swift */,
				40879ECE29905924000AF314 /* DownloadsViewController.swift */,
			);
			path = Core;
			sourceTree = "<group>";
		};
		40879ED229905AA2000AF314 /* General */ = {
			isa = PBXGroup;
			children = (
			);
			path = General;
			sourceTree = "<group>";
		};
		40879ED329941375000AF314 /* Views */ = {
			isa = PBXGroup;
			children = (
				40879ED9299A6D18000AF314 /* CollectionViewTableViewCell.swift */,
				40879EDB299E5C08000AF314 /* HeroHeaderUIView.swift */,
			);
			path = Views;
			sourceTree = "<group>";
		};
		40879ED429941381000AF314 /* ViewModels */ = {
			isa = PBXGroup;
			children = (
			);
			path = ViewModels;
			sourceTree = "<group>";
		};
		40879ED5299413D9000AF314 /* Models */ = {
			isa = PBXGroup;
			children = (
				40ABDBAE29C492A400FAF987 /* Title.swift */,
			);
			path = Models;
			sourceTree = "<group>";
		};
		40879ED7299A6CAC000AF314 /* Resources */ = {
			isa = PBXGroup;
			children = (
				40ABDBB229DDDDAC00FAF987 /* Extensions.swift */,
			);
			path = Resources;
			sourceTree = "<group>";
		};
		40879ED8299A6CB6000AF314 /* Managers */ = {
			isa = PBXGroup;
			children = (
				408897E929B26B0900FE7132 /* APICaller.swift */,
			);
			path = Managers;
			sourceTree = "<group>";
		};
/* End PBXGroup section */

/* Begin PBXNativeTarget section */
		40879EAF298D3CB0000AF314 /* Netflix Clone Mk 2 */ = {
			isa = PBXNativeTarget;
			buildConfigurationList = 40879EC4298D3CB8000AF314 /* Build configuration list for PBXNativeTarget "Netflix Clone Mk 2" */;
			buildPhases = (
				40879EAC298D3CB0000AF314 /* Sources */,
				40879EAD298D3CB0000AF314 /* Frameworks */,
				40879EAE298D3CB0000AF314 /* Resources */,
			);
			buildRules = (
			);
			dependencies = (
			);
			name = "Netflix Clone Mk 2";
			productName = "Netflix Clone Mk 2";
			productReference = 40879EB0298D3CB0000AF314 /* Netflix Clone Mk 2.app */;
			productType = "com.apple.product-type.application";
		};
/* End PBXNativeTarget section */

/* Begin PBXProject section */
		40879EA8298D3CB0000AF314 /* Project object */ = {
			isa = PBXProject;
			attributes = {
				BuildIndependentTargetsInParallel = 1;
				LastSwiftUpdateCheck = 1400;
				LastUpgradeCheck = 1400;
				TargetAttributes = {
					40879EAF298D3CB0000AF314 = {
						CreatedOnToolsVersion = 14.0.1;
					};
				};
			};
			buildConfigurationList = 40879EAB298D3CB0000AF314 /* Build configuration list for PBXProject "Netflix Clone Mk 2" */;
			compatibilityVersion = "Xcode 14.0";
			developmentRegion = en;
			hasScannedForEncodings = 0;
			knownRegions = (
				en,
				Base,
			);
			mainGroup = 40879EA7298D3CB0000AF314;
			productRefGroup = 40879EB1298D3CB0000AF314 /* Products */;
			projectDirPath = "";
			projectRoot = "";
			targets = (
				40879EAF298D3CB0000AF314 /* Netflix Clone Mk 2 */,
			);
		};
/* End PBXProject section */

/* Begin PBXResourcesBuildPhase section */
		40879EAE298D3CB0000AF314 /* Resources */ = {
			isa = PBXResourcesBuildPhase;
			buildActionMask = 2147483647;
			files = (
				40879EC0298D3CB8000AF314 /* LaunchScreen.storyboard in Resources */,
				40879EBD298D3CB8000AF314 /* Assets.xcassets in Resources */,
			);
			runOnlyForDeploymentPostprocessing = 0;
		};
/* End PBXResourcesBuildPhase section */

/* Begin PBXSourcesBuildPhase section */
		40879EAC298D3CB0000AF314 /* Sources */ = {
			isa = PBXSourcesBuildPhase;
			buildActionMask = 2147483647;
			files = (
				40879ECD299058A8000AF314 /* SearchViewController.swift in Sources */,
				40879EB8298D3CB0000AF314 /* MainTabBarViewController.swift in Sources */,
				40879EDA299A6D18000AF314 /* CollectionViewTableViewCell.swift in Sources */,
				408897EA29B26B0900FE7132 /* APICaller.swift in Sources */,
				40879EDC299E5C08000AF314 /* HeroHeaderUIView.swift in Sources */,
				40879ECF29905924000AF314 /* DownloadsViewController.swift in Sources */,
				40879EB4298D3CB0000AF314 /* AppDelegate.swift in Sources */,
				40ABDBB329DDDDAC00FAF987 /* Extensions.swift in Sources */,
				40879EB6298D3CB0000AF314 /* SceneDelegate.swift in Sources */,
				40879ECB29905805000AF314 /* UpcomingViewController.swift in Sources */,
				40ABDBAF29C492A400FAF987 /* Title.swift in Sources */,
				40879EC929905316000AF314 /* HomeViewController.swift in Sources */,
			);
			runOnlyForDeploymentPostprocessing = 0;
		};
/* End PBXSourcesBuildPhase section */

/* Begin PBXVariantGroup section */
		40879EBE298D3CB8000AF314 /* LaunchScreen.storyboard */ = {
			isa = PBXVariantGroup;
			children = (
				40879EBF298D3CB8000AF314 /* Base */,
			);
			name = LaunchScreen.storyboard;
			sourceTree = "<group>";
		};
/* End PBXVariantGroup section */

/* Begin XCBuildConfiguration section */
		40879EC2298D3CB8000AF314 /* Debug */ = {
			isa = XCBuildConfiguration;
			buildSettings = {
				ALWAYS_SEARCH_USER_PATHS = NO;
				CLANG_ANALYZER_NONNULL = YES;
				CLANG_ANALYZER_NUMBER_OBJECT_CONVERSION = YES_AGGRESSIVE;
				CLANG_CXX_LANGUAGE_STANDARD = "gnu++20";
				CLANG_ENABLE_MODULES = YES;
				CLANG_ENABLE_OBJC_ARC = YES;
				CLANG_ENABLE_OBJC_WEAK = YES;
				CLANG_WARN_BLOCK_CAPTURE_AUTORELEASING = YES;
				CLANG_WARN_BOOL_CONVERSION = YES;
				CLANG_WARN_COMMA = YES;
				CLANG_WARN_CONSTANT_CONVERSION = YES;
				CLANG_WARN_DEPRECATED_OBJC_IMPLEMENTATIONS = YES;
				CLANG_WARN_DIRECT_OBJC_ISA_USAGE = YES_ERROR;
				CLANG_WARN_DOCUMENTATION_COMMENTS = YES;
				CLANG_WARN_EMPTY_BODY = YES;
				CLANG_WARN_ENUM_CONVERSION = YES;
				CLANG_WARN_INFINITE_RECURSION = YES;
				CLANG_WARN_INT_CONVERSION = YES;
				CLANG_WARN_NON_LITERAL_NULL_CONVERSION = YES;
				CLANG_WARN_OBJC_IMPLICIT_RETAIN_SELF = YES;
				CLANG_WARN_OBJC_LITERAL_CONVERSION = YES;
				CLANG_WARN_OBJC_ROOT_CLASS = YES_ERROR;
				CLANG_WARN_QUOTED_INCLUDE_IN_FRAMEWORK_HEADER = YES;
				CLANG_WARN_RANGE_LOOP_ANALYSIS = YES;
				CLANG_WARN_STRICT_PROTOTYPES = YES;
				CLANG_WARN_SUSPICIOUS_MOVE = YES;
				CLANG_WARN_UNGUARDED_AVAILABILITY = YES_AGGRESSIVE;
				CLANG_WARN_UNREACHABLE_CODE = YES;
				CLANG_WARN__DUPLICATE_METHOD_MATCH = YES;
				COPY_PHASE_STRIP = NO;
				DEBUG_INFORMATION_FORMAT = dwarf;
				ENABLE_STRICT_OBJC_MSGSEND = YES;
				ENABLE_TESTABILITY = YES;
				GCC_C_LANGUAGE_STANDARD = gnu11;
				GCC_DYNAMIC_NO_PIC = NO;
				GCC_NO_COMMON_BLOCKS = YES;
				GCC_OPTIMIZATION_LEVEL = 0;
				GCC_PREPROCESSOR_DEFINITIONS = (
					"DEBUG=1",
					"$(inherited)",
				);
				GCC_WARN_64_TO_32_BIT_CONVERSION = YES;
				GCC_WARN_ABOUT_RETURN_TYPE = YES_ERROR;
				GCC_WARN_UNDECLARED_SELECTOR = YES;
				GCC_WARN_UNINITIALIZED_AUTOS = YES_AGGRESSIVE;
				GCC_WARN_UNUSED_FUNCTION = YES;
				GCC_WARN_UNUSED_VARIABLE = YES;
				IPHONEOS_DEPLOYMENT_TARGET = 16.0;
				MTL_ENABLE_DEBUG_INFO = INCLUDE_SOURCE;
				MTL_FAST_MATH = YES;
				ONLY_ACTIVE_ARCH = YES;
				SDKROOT = iphoneos;
				SWIFT_ACTIVE_COMPILATION_CONDITIONS = DEBUG;
				SWIFT_OPTIMIZATION_LEVEL = "-Onone";
			};
			name = Debug;
		};
		40879EC3298D3CB8000AF314 /* Release */ = {
			isa = XCBuildConfiguration;
			buildSettings = {
				ALWAYS_SEARCH_USER_PATHS = NO;
				CLANG_ANALYZER_NONNULL = YES;
				CLANG_ANALYZER_NUMBER_OBJECT_CONVERSION = YES_AGGRESSIVE;
				CLANG_CXX_LANGUAGE_STANDARD = "gnu++20";
				CLANG_ENABLE_MODULES = YES;
				CLANG_ENABLE_OBJC_ARC = YES;
				CLANG_ENABLE_OBJC_WEAK = YES;
				CLANG_WARN_BLOCK_CAPTURE_AUTORELEASING = YES;
				CLANG_WARN_BOOL_CONVERSION = YES;
				CLANG_WARN_COMMA = YES;
				CLANG_WARN_CONSTANT_CONVERSION = YES;
				CLANG_WARN_DEPRECATED_OBJC_IMPLEMENTATIONS = YES;
				CLANG_WARN_DIRECT_OBJC_ISA_USAGE = YES_ERROR;
				CLANG_WARN_DOCUMENTATION_COMMENTS = YES;
				CLANG_WARN_EMPTY_BODY = YES;
				CLANG_WARN_ENUM_CONVERSION = YES;
				CLANG_WARN_INFINITE_RECURSION = YES;
				CLANG_WARN_INT_CONVERSION = YES;
				CLANG_WARN_NON_LITERAL_NULL_CONVERSION = YES;
				CLANG_WARN_OBJC_IMPLICIT_RETAIN_SELF = YES;
				CLANG_WARN_OBJC_LITERAL_CONVERSION = YES;
				CLANG_WARN_OBJC_ROOT_CLASS = YES_ERROR;
				CLANG_WARN_QUOTED_INCLUDE_IN_FRAMEWORK_HEADER = YES;
				CLANG_WARN_RANGE_LOOP_ANALYSIS = YES;
				CLANG_WARN_STRICT_PROTOTYPES = YES;
				CLANG_WARN_SUSPICIOUS_MOVE = YES;
				CLANG_WARN_UNGUARDED_AVAILABILITY = YES_AGGRESSIVE;
				CLANG_WARN_UNREACHABLE_CODE = YES;
				CLANG_WARN__DUPLICATE_METHOD_MATCH = YES;
				COPY_PHASE_STRIP = NO;
				DEBUG_INFORMATION_FORMAT = "dwarf-with-dsym";
				ENABLE_NS_ASSERTIONS = NO;
				ENABLE_STRICT_OBJC_MSGSEND = YES;
				GCC_C_LANGUAGE_STANDARD = gnu11;
				GCC_NO_COMMON_BLOCKS = YES;
				GCC_WARN_64_TO_32_BIT_CONVERSION = YES;
				GCC_WARN_ABOUT_RETURN_TYPE = YES_ERROR;
				GCC_WARN_UNDECLARED_SELECTOR = YES;
				GCC_WARN_UNINITIALIZED_AUTOS = YES_AGGRESSIVE;
				GCC_WARN_UNUSED_FUNCTION = YES;
				GCC_WARN_UNUSED_VARIABLE = YES;
				IPHONEOS_DEPLOYMENT_TARGET = 16.0;
				MTL_ENABLE_DEBUG_INFO = NO;
				MTL_FAST_MATH = YES;
				SDKROOT = iphoneos;
				SWIFT_COMPILATION_MODE = wholemodule;
				SWIFT_OPTIMIZATION_LEVEL = "-O";
				VALIDATE_PRODUCT = YES;
			};
			name = Release;
		};
		40879EC5298D3CB8000AF314 /* Debug */ = {
			isa = XCBuildConfiguration;
			buildSettings = {
				ASSETCATALOG_COMPILER_APPICON_NAME = AppIcon;
				ASSETCATALOG_COMPILER_GLOBAL_ACCENT_COLOR_NAME = AccentColor;
				CODE_SIGN_STYLE = Automatic;
				CURRENT_PROJECT_VERSION = 1;
				DEVELOPMENT_TEAM = M9MT23QW7V;
				GENERATE_INFOPLIST_FILE = YES;
				INFOPLIST_FILE = "Netflix Clone Mk 2/Info.plist";
				INFOPLIST_KEY_UIApplicationSupportsIndirectInputEvents = YES;
				INFOPLIST_KEY_UILaunchStoryboardName = LaunchScreen;
				INFOPLIST_KEY_UISupportedInterfaceOrientations_iPad = "UIInterfaceOrientationPortrait UIInterfaceOrientationPortraitUpsideDown UIInterfaceOrientationLandscapeLeft UIInterfaceOrientationLandscapeRight";
				INFOPLIST_KEY_UISupportedInterfaceOrientations_iPhone = "UIInterfaceOrientationPortrait UIInterfaceOrientationLandscapeLeft UIInterfaceOrientationLandscapeRight";
				LD_RUNPATH_SEARCH_PATHS = (
					"$(inherited)",
					"@executable_path/Frameworks",
				);
				MARKETING_VERSION = 1.0;
				PRODUCT_BUNDLE_IDENTIFIER = "noahpope.Netflix-Clone-Mk-2";
				PRODUCT_NAME = "$(TARGET_NAME)";
				SWIFT_EMIT_LOC_STRINGS = YES;
				SWIFT_VERSION = 5.0;
				TARGETED_DEVICE_FAMILY = "1,2";
			};
			name = Debug;
		};
		40879EC6298D3CB8000AF314 /* Release */ = {
			isa = XCBuildConfiguration;
			buildSettings = {
				ASSETCATALOG_COMPILER_APPICON_NAME = AppIcon;
				ASSETCATALOG_COMPILER_GLOBAL_ACCENT_COLOR_NAME = AccentColor;
				CODE_SIGN_STYLE = Automatic;
				CURRENT_PROJECT_VERSION = 1;
				DEVELOPMENT_TEAM = M9MT23QW7V;
				GENERATE_INFOPLIST_FILE = YES;
				INFOPLIST_FILE = "Netflix Clone Mk 2/Info.plist";
				INFOPLIST_KEY_UIApplicationSupportsIndirectInputEvents = YES;
				INFOPLIST_KEY_UILaunchStoryboardName = LaunchScreen;
				INFOPLIST_KEY_UISupportedInterfaceOrientations_iPad = "UIInterfaceOrientationPortrait UIInterfaceOrientationPortraitUpsideDown UIInterfaceOrientationLandscapeLeft UIInterfaceOrientationLandscapeRight";
				INFOPLIST_KEY_UISupportedInterfaceOrientations_iPhone = "UIInterfaceOrientationPortrait UIInterfaceOrientationLandscapeLeft UIInterfaceOrientationLandscapeRight";
				LD_RUNPATH_SEARCH_PATHS = (
					"$(inherited)",
					"@executable_path/Frameworks",
				);
				MARKETING_VERSION = 1.0;
				PRODUCT_BUNDLE_IDENTIFIER = "noahpope.Netflix-Clone-Mk-2";
				PRODUCT_NAME = "$(TARGET_NAME)";
				SWIFT_EMIT_LOC_STRINGS = YES;
				SWIFT_VERSION = 5.0;
				TARGETED_DEVICE_FAMILY = "1,2";
			};
			name = Release;
		};
/* End XCBuildConfiguration section */

/* Begin XCConfigurationList section */
		40879EAB298D3CB0000AF314 /* Build configuration list for PBXProject "Netflix Clone Mk 2" */ = {
			isa = XCConfigurationList;
			buildConfigurations = (
				40879EC2298D3CB8000AF314 /* Debug */,
				40879EC3298D3CB8000AF314 /* Release */,
			);
			defaultConfigurationIsVisible = 0;
			defaultConfigurationName = Release;
		};
		40879EC4298D3CB8000AF314 /* Build configuration list for PBXNativeTarget "Netflix Clone Mk 2" */ = {
			isa = XCConfigurationList;
			buildConfigurations = (
				40879EC5298D3CB8000AF314 /* Debug */,
				40879EC6298D3CB8000AF314 /* Release */,
			);
			defaultConfigurationIsVisible = 0;
			defaultConfigurationName = Release;
		};
/* End XCConfigurationList section */
	};
	rootObject = 40879EA8298D3CB0000AF314 /* Project object */;
}
